// !$*UTF8*$!
{
	archiveVersion = 1;
	classes = {
	};
	objectVersion = 46;
	objects = {

/* Begin PBXBuildFile section */
		85D9BDD01DBBBAB70043ED75 /* Fabric.framework in Frameworks */ = {isa = PBXBuildFile; fileRef = 85D9BDCE1DBBBAB70043ED75 /* Fabric.framework */; };
		85D9BDD11DBBBAB70043ED75 /* Crashlytics.framework in Frameworks */ = {isa = PBXBuildFile; fileRef = 85D9BDCF1DBBBAB70043ED75 /* Crashlytics.framework */; };
		85D9BDD31DBBC4EB0043ED75 /* LandingPageViewController.swift in Sources */ = {isa = PBXBuildFile; fileRef = 85D9BDD21DBBC4EB0043ED75 /* LandingPageViewController.swift */; };
		85D9BDD51DBBC4F30043ED75 /* LandingPage.storyboard in Resources */ = {isa = PBXBuildFile; fileRef = 85D9BDD41DBBC4F30043ED75 /* LandingPage.storyboard */; };
		85D9BDD81DBBC7B00043ED75 /* AddUser.storyboard in Resources */ = {isa = PBXBuildFile; fileRef = 85D9BDD71DBBC7B00043ED75 /* AddUser.storyboard */; };
		85D9BDDA1DBBC7D40043ED75 /* AddUserViewController.swift in Sources */ = {isa = PBXBuildFile; fileRef = 85D9BDD91DBBC7D40043ED75 /* AddUserViewController.swift */; };
		F90E5D781DAAF71300064708 /* InitialViewController.swift in Sources */ = {isa = PBXBuildFile; fileRef = F90E5D771DAAF71300064708 /* InitialViewController.swift */; };
		F92FF9671DB456AF00C67430 /* Cartfile in Resources */ = {isa = PBXBuildFile; fileRef = F92FF9651DB456AF00C67430 /* Cartfile */; };
		F92FF96A1DB45B2E00C67430 /* .gitignore in Resources */ = {isa = PBXBuildFile; fileRef = F92FF9691DB45B2E00C67430 /* .gitignore */; };
		F94380C01DB9A36F007328A5 /* FBSDKCoreKit.framework in Frameworks */ = {isa = PBXBuildFile; fileRef = F94380BE1DB9A36F007328A5 /* FBSDKCoreKit.framework */; };
		F94380C11DB9A36F007328A5 /* FBSDKLoginKit.framework in Frameworks */ = {isa = PBXBuildFile; fileRef = F94380BF1DB9A36F007328A5 /* FBSDKLoginKit.framework */; };
		F996D4621DAA984E00DAC469 /* AppDelegate.swift in Sources */ = {isa = PBXBuildFile; fileRef = F996D4611DAA984E00DAC469 /* AppDelegate.swift */; };
		F996D4691DAA984E00DAC469 /* Assets.xcassets in Resources */ = {isa = PBXBuildFile; fileRef = F996D4681DAA984E00DAC469 /* Assets.xcassets */; };
		F996D46C1DAA984E00DAC469 /* LaunchScreen.storyboard in Resources */ = {isa = PBXBuildFile; fileRef = F996D46A1DAA984E00DAC469 /* LaunchScreen.storyboard */; };
/* End PBXBuildFile section */

/* Begin PBXFileReference section */
		85D9BDCE1DBBBAB70043ED75 /* Fabric.framework */ = {isa = PBXFileReference; lastKnownFileType = wrapper.framework; path = Fabric.framework; sourceTree = "<group>"; };
		85D9BDCF1DBBBAB70043ED75 /* Crashlytics.framework */ = {isa = PBXFileReference; lastKnownFileType = wrapper.framework; path = Crashlytics.framework; sourceTree = "<group>"; };
		85D9BDD21DBBC4EB0043ED75 /* LandingPageViewController.swift */ = {isa = PBXFileReference; fileEncoding = 4; lastKnownFileType = sourcecode.swift; path = LandingPageViewController.swift; sourceTree = "<group>"; };
		85D9BDD41DBBC4F30043ED75 /* LandingPage.storyboard */ = {isa = PBXFileReference; fileEncoding = 4; lastKnownFileType = file.storyboard; path = LandingPage.storyboard; sourceTree = "<group>"; };
		85D9BDD71DBBC7B00043ED75 /* AddUser.storyboard */ = {isa = PBXFileReference; fileEncoding = 4; lastKnownFileType = file.storyboard; path = AddUser.storyboard; sourceTree = "<group>"; };
		85D9BDD91DBBC7D40043ED75 /* AddUserViewController.swift */ = {isa = PBXFileReference; fileEncoding = 4; lastKnownFileType = sourcecode.swift; path = AddUserViewController.swift; sourceTree = "<group>"; };
		F90E5D771DAAF71300064708 /* InitialViewController.swift */ = {isa = PBXFileReference; fileEncoding = 4; lastKnownFileType = sourcecode.swift; path = InitialViewController.swift; sourceTree = "<group>"; };
		F92FF9651DB456AF00C67430 /* Cartfile */ = {isa = PBXFileReference; fileEncoding = 4; lastKnownFileType = text; path = Cartfile; sourceTree = SOURCE_ROOT; };
		F92FF9691DB45B2E00C67430 /* .gitignore */ = {isa = PBXFileReference; fileEncoding = 4; lastKnownFileType = text; path = .gitignore; sourceTree = SOURCE_ROOT; };
		F94380BE1DB9A36F007328A5 /* FBSDKCoreKit.framework */ = {isa = PBXFileReference; lastKnownFileType = wrapper.framework; name = FBSDKCoreKit.framework; path = Carthage/Checkouts/iosStarterKit/Frameworks/Facebook/FBSDKCoreKit.framework; sourceTree = "<group>"; };
		F94380BF1DB9A36F007328A5 /* FBSDKLoginKit.framework */ = {isa = PBXFileReference; lastKnownFileType = wrapper.framework; name = FBSDKLoginKit.framework; path = Carthage/Checkouts/iosStarterKit/Frameworks/Facebook/FBSDKLoginKit.framework; sourceTree = "<group>"; };
		F996D45E1DAA984E00DAC469 /* StarterKitExample.app */ = {isa = PBXFileReference; explicitFileType = wrapper.application; includeInIndex = 0; path = StarterKitExample.app; sourceTree = BUILT_PRODUCTS_DIR; };
		F996D4611DAA984E00DAC469 /* AppDelegate.swift */ = {isa = PBXFileReference; lastKnownFileType = sourcecode.swift; path = AppDelegate.swift; sourceTree = "<group>"; };
		F996D4681DAA984E00DAC469 /* Assets.xcassets */ = {isa = PBXFileReference; lastKnownFileType = folder.assetcatalog; path = Assets.xcassets; sourceTree = "<group>"; };
		F996D46B1DAA984E00DAC469 /* Base */ = {isa = PBXFileReference; lastKnownFileType = file.storyboard; name = Base; path = Base.lproj/LaunchScreen.storyboard; sourceTree = "<group>"; };
		F996D46D1DAA984E00DAC469 /* Info.plist */ = {isa = PBXFileReference; lastKnownFileType = text.plist.xml; path = Info.plist; sourceTree = "<group>"; };
/* End PBXFileReference section */

/* Begin PBXFrameworksBuildPhase section */
		F996D45B1DAA984E00DAC469 /* Frameworks */ = {
			isa = PBXFrameworksBuildPhase;
			buildActionMask = 2147483647;
			files = (
				F94380C01DB9A36F007328A5 /* FBSDKCoreKit.framework in Frameworks */,
				F94380C11DB9A36F007328A5 /* FBSDKLoginKit.framework in Frameworks */,
				85D9BDD11DBBBAB70043ED75 /* Crashlytics.framework in Frameworks */,
				85D9BDD01DBBBAB70043ED75 /* Fabric.framework in Frameworks */,
			);
			runOnlyForDeploymentPostprocessing = 0;
		};
/* End PBXFrameworksBuildPhase section */

/* Begin PBXGroup section */
		85D9BDD61DBBC6670043ED75 /* LandingPage */ = {
			isa = PBXGroup;
			children = (
				85D9BDD21DBBC4EB0043ED75 /* LandingPageViewController.swift */,
				85D9BDD41DBBC4F30043ED75 /* LandingPage.storyboard */,
			);
			name = LandingPage;
			sourceTree = "<group>";
		};
		F996D4551DAA984E00DAC469 = {
			isa = PBXGroup;
			children = (
				85D9BDCE1DBBBAB70043ED75 /* Fabric.framework */,
				85D9BDCF1DBBBAB70043ED75 /* Crashlytics.framework */,
				F94380BE1DB9A36F007328A5 /* FBSDKCoreKit.framework */,
				F94380BF1DB9A36F007328A5 /* FBSDKLoginKit.framework */,
				F996D4601DAA984E00DAC469 /* StarterKitExample */,
				F996D45F1DAA984E00DAC469 /* Products */,
			);
			sourceTree = "<group>";
		};
		F996D45F1DAA984E00DAC469 /* Products */ = {
			isa = PBXGroup;
			children = (
				F996D45E1DAA984E00DAC469 /* StarterKitExample.app */,
			);
			name = Products;
			sourceTree = "<group>";
		};
		F996D4601DAA984E00DAC469 /* StarterKitExample */ = {
			isa = PBXGroup;
			children = (
				F92FF9691DB45B2E00C67430 /* .gitignore */,
				F92FF9651DB456AF00C67430 /* Cartfile */,
				F996D46A1DAA984E00DAC469 /* LaunchScreen.storyboard */,
				F996D4611DAA984E00DAC469 /* AppDelegate.swift */,
				F90E5D771DAAF71300064708 /* InitialViewController.swift */,
				F996D4681DAA984E00DAC469 /* Assets.xcassets */,
				F996D46D1DAA984E00DAC469 /* Info.plist */,
				85D9BDD61DBBC6670043ED75 /* LandingPage */,
				85D9BDD71DBBC7B00043ED75 /* AddUser.storyboard */,
				85D9BDD91DBBC7D40043ED75 /* AddUserViewController.swift */,
			);
			path = StarterKitExample;
			sourceTree = "<group>";
		};
/* End PBXGroup section */

/* Begin PBXNativeTarget section */
		F996D45D1DAA984E00DAC469 /* StarterKitExample */ = {
			isa = PBXNativeTarget;
			buildConfigurationList = F996D4701DAA984E00DAC469 /* Build configuration list for PBXNativeTarget "StarterKitExample" */;
			buildPhases = (
				F996D45A1DAA984E00DAC469 /* Sources */,
				F996D45B1DAA984E00DAC469 /* Frameworks */,
				F996D45C1DAA984E00DAC469 /* Resources */,
				F996D4A21DAA9E1B00DAC469 /* Carthage Copy */,
				85D9BDCD1DBBBA9D0043ED75 /* ShellScript */,
			);
			buildRules = (
			);
			dependencies = (
			);
			name = StarterKitExample;
			productName = StarterKitExample;
			productReference = F996D45E1DAA984E00DAC469 /* StarterKitExample.app */;
			productType = "com.apple.product-type.application";
		};
/* End PBXNativeTarget section */

/* Begin PBXProject section */
		F996D4561DAA984E00DAC469 /* Project object */ = {
			isa = PBXProject;
			attributes = {
				LastSwiftUpdateCheck = 0730;
				LastUpgradeCheck = 0730;
				ORGANIZATIONNAME = competidev;
				TargetAttributes = {
					F996D45D1DAA984E00DAC469 = {
						CreatedOnToolsVersion = 7.3.1;
						DevelopmentTeam = J6NNP4FP23;
					};
				};
			};
			buildConfigurationList = F996D4591DAA984E00DAC469 /* Build configuration list for PBXProject "StarterKitExample" */;
			compatibilityVersion = "Xcode 3.2";
			developmentRegion = English;
			hasScannedForEncodings = 0;
			knownRegions = (
				en,
				Base,
			);
			mainGroup = F996D4551DAA984E00DAC469;
			productRefGroup = F996D45F1DAA984E00DAC469 /* Products */;
			projectDirPath = "";
			projectRoot = "";
			targets = (
				F996D45D1DAA984E00DAC469 /* StarterKitExample */,
			);
		};
/* End PBXProject section */

/* Begin PBXResourcesBuildPhase section */
		F996D45C1DAA984E00DAC469 /* Resources */ = {
			isa = PBXResourcesBuildPhase;
			buildActionMask = 2147483647;
			files = (
				F92FF96A1DB45B2E00C67430 /* .gitignore in Resources */,
				85D9BDD51DBBC4F30043ED75 /* LandingPage.storyboard in Resources */,
				F92FF9671DB456AF00C67430 /* Cartfile in Resources */,
				F996D46C1DAA984E00DAC469 /* LaunchScreen.storyboard in Resources */,
				F996D4691DAA984E00DAC469 /* Assets.xcassets in Resources */,
				85D9BDD81DBBC7B00043ED75 /* AddUser.storyboard in Resources */,
			);
			runOnlyForDeploymentPostprocessing = 0;
		};
/* End PBXResourcesBuildPhase section */

/* Begin PBXShellScriptBuildPhase section */
		85D9BDCD1DBBBA9D0043ED75 /* ShellScript */ = {
			isa = PBXShellScriptBuildPhase;
			buildActionMask = 2147483647;
			files = (
			);
			inputPaths = (
			);
			outputPaths = (
			);
			runOnlyForDeploymentPostprocessing = 0;
			shellPath = /bin/sh;
			shellScript = "./Fabric.framework/run 34502d87f8f7159422d2852016238a4bc9fc8d17 5e0f64685ae8e9c34e55164dbf6f731e0144ad0b4ee2adae0280181c904cb848";
		};
		F996D4A21DAA9E1B00DAC469 /* Carthage Copy */ = {
			isa = PBXShellScriptBuildPhase;
			buildActionMask = 2147483647;
			files = (
			);
			inputPaths = (
				"$(SRCROOT)/Carthage/Build/iOS/StarterKit.framework",
			);
			name = "Carthage Copy";
			outputPaths = (
			);
			runOnlyForDeploymentPostprocessing = 0;
			shellPath = /bin/sh;
			shellScript = "/usr/local/bin/carthage copy-frameworks";
		};
/* End PBXShellScriptBuildPhase section */

/* Begin PBXSourcesBuildPhase section */
		F996D45A1DAA984E00DAC469 /* Sources */ = {
			isa = PBXSourcesBuildPhase;
			buildActionMask = 2147483647;
			files = (
				F996D4621DAA984E00DAC469 /* AppDelegate.swift in Sources */,
				85D9BDDA1DBBC7D40043ED75 /* AddUserViewController.swift in Sources */,
				85D9BDD31DBBC4EB0043ED75 /* LandingPageViewController.swift in Sources */,
				F90E5D781DAAF71300064708 /* InitialViewController.swift in Sources */,
			);
			runOnlyForDeploymentPostprocessing = 0;
		};
/* End PBXSourcesBuildPhase section */

/* Begin PBXVariantGroup section */
		F996D46A1DAA984E00DAC469 /* LaunchScreen.storyboard */ = {
			isa = PBXVariantGroup;
			children = (
				F996D46B1DAA984E00DAC469 /* Base */,
			);
			name = LaunchScreen.storyboard;
			sourceTree = "<group>";
		};
/* End PBXVariantGroup section */

/* Begin XCBuildConfiguration section */
		F996D46E1DAA984E00DAC469 /* Debug */ = {
			isa = XCBuildConfiguration;
			buildSettings = {
				ALWAYS_SEARCH_USER_PATHS = NO;
				CLANG_ANALYZER_NONNULL = YES;
				CLANG_CXX_LANGUAGE_STANDARD = "gnu++0x";
				CLANG_CXX_LIBRARY = "libc++";
				CLANG_ENABLE_MODULES = YES;
				CLANG_ENABLE_OBJC_ARC = YES;
				CLANG_WARN_BOOL_CONVERSION = YES;
				CLANG_WARN_CONSTANT_CONVERSION = YES;
				CLANG_WARN_DIRECT_OBJC_ISA_USAGE = YES_ERROR;
				CLANG_WARN_EMPTY_BODY = YES;
				CLANG_WARN_ENUM_CONVERSION = YES;
				CLANG_WARN_INT_CONVERSION = YES;
				CLANG_WARN_OBJC_ROOT_CLASS = YES_ERROR;
				CLANG_WARN_UNREACHABLE_CODE = YES;
				CLANG_WARN__DUPLICATE_METHOD_MATCH = YES;
				"CODE_SIGN_IDENTITY[sdk=iphoneos*]" = "iPhone Developer";
				COPY_PHASE_STRIP = NO;
				DEBUG_INFORMATION_FORMAT = dwarf;
				ENABLE_STRICT_OBJC_MSGSEND = YES;
				ENABLE_TESTABILITY = YES;
				GCC_C_LANGUAGE_STANDARD = gnu99;
				GCC_DYNAMIC_NO_PIC = NO;
				GCC_NO_COMMON_BLOCKS = YES;
				GCC_OPTIMIZATION_LEVEL = 0;
				GCC_PREPROCESSOR_DEFINITIONS = (
					"DEBUG=1",
					"$(inherited)",
				);
				GCC_WARN_64_TO_32_BIT_CONVERSION = YES;
				GCC_WARN_ABOUT_RETURN_TYPE = YES_ERROR;
				GCC_WARN_UNDECLARED_SELECTOR = YES;
				GCC_WARN_UNINITIALIZED_AUTOS = YES_AGGRESSIVE;
				GCC_WARN_UNUSED_FUNCTION = YES;
				GCC_WARN_UNUSED_VARIABLE = YES;
				IPHONEOS_DEPLOYMENT_TARGET = 9.3;
				MTL_ENABLE_DEBUG_INFO = YES;
				ONLY_ACTIVE_ARCH = YES;
				SDKROOT = iphoneos;
				SWIFT_OPTIMIZATION_LEVEL = "-Onone";
			};
			name = Debug;
		};
		F996D46F1DAA984E00DAC469 /* Release */ = {
			isa = XCBuildConfiguration;
			buildSettings = {
				ALWAYS_SEARCH_USER_PATHS = NO;
				CLANG_ANALYZER_NONNULL = YES;
				CLANG_CXX_LANGUAGE_STANDARD = "gnu++0x";
				CLANG_CXX_LIBRARY = "libc++";
				CLANG_ENABLE_MODULES = YES;
				CLANG_ENABLE_OBJC_ARC = YES;
				CLANG_WARN_BOOL_CONVERSION = YES;
				CLANG_WARN_CONSTANT_CONVERSION = YES;
				CLANG_WARN_DIRECT_OBJC_ISA_USAGE = YES_ERROR;
				CLANG_WARN_EMPTY_BODY = YES;
				CLANG_WARN_ENUM_CONVERSION = YES;
				CLANG_WARN_INT_CONVERSION = YES;
				CLANG_WARN_OBJC_ROOT_CLASS = YES_ERROR;
				CLANG_WARN_UNREACHABLE_CODE = YES;
				CLANG_WARN__DUPLICATE_METHOD_MATCH = YES;
				"CODE_SIGN_IDENTITY[sdk=iphoneos*]" = "iPhone Developer";
				COPY_PHASE_STRIP = NO;
				DEBUG_INFORMATION_FORMAT = "dwarf-with-dsym";
				ENABLE_NS_ASSERTIONS = NO;
				ENABLE_STRICT_OBJC_MSGSEND = YES;
				GCC_C_LANGUAGE_STANDARD = gnu99;
				GCC_NO_COMMON_BLOCKS = YES;
				GCC_WARN_64_TO_32_BIT_CONVERSION = YES;
				GCC_WARN_ABOUT_RETURN_TYPE = YES_ERROR;
				GCC_WARN_UNDECLARED_SELECTOR = YES;
				GCC_WARN_UNINITIALIZED_AUTOS = YES_AGGRESSIVE;
				GCC_WARN_UNUSED_FUNCTION = YES;
				GCC_WARN_UNUSED_VARIABLE = YES;
				IPHONEOS_DEPLOYMENT_TARGET = 9.3;
				MTL_ENABLE_DEBUG_INFO = NO;
				SDKROOT = iphoneos;
				VALIDATE_PRODUCT = YES;
			};
			name = Release;
		};
		F996D4711DAA984E00DAC469 /* Debug */ = {
			isa = XCBuildConfiguration;
			buildSettings = {
				ASSETCATALOG_COMPILER_APPICON_NAME = AppIcon;
				CODE_SIGN_IDENTITY = "iPhone Developer";
				"CODE_SIGN_IDENTITY[sdk=iphoneos*]" = "iPhone Developer";
				EMBEDDED_CONTENT_CONTAINS_SWIFT = NO;
				ENABLE_BITCODE = NO;
				FRAMEWORK_SEARCH_PATHS = (
					"$(inherited)",
					"$(PROJECT_DIR)/Carthage/Checkouts/iosStarterKit/Frameworks/Facebook",
					"$(PROJECT_DIR)",
				);
				INFOPLIST_FILE = StarterKitExample/Info.plist;
				IPHONEOS_DEPLOYMENT_TARGET = 9.0;
				LD_RUNPATH_SEARCH_PATHS = "$(inherited) @executable_path/Frameworks";
				PRODUCT_BUNDLE_IDENTIFIER = competidev.StarterKitExample;
				PRODUCT_NAME = "$(TARGET_NAME)";
				PROVISIONING_PROFILE = "";
				TARGETED_DEVICE_FAMILY = "1,2";
			};
			name = Debug;
		};
		F996D4721DAA984E00DAC469 /* Release */ = {
			isa = XCBuildConfiguration;
			buildSettings = {
				ASSETCATALOG_COMPILER_APPICON_NAME = AppIcon;
				CODE_SIGN_IDENTITY = "iPhone Developer";
				"CODE_SIGN_IDENTITY[sdk=iphoneos*]" = "iPhone Developer";
				EMBEDDED_CONTENT_CONTAINS_SWIFT = NO;
				ENABLE_BITCODE = NO;
				FRAMEWORK_SEARCH_PATHS = (
					"$(inherited)",
					"$(PROJECT_DIR)/Carthage/Checkouts/iosStarterKit/Frameworks/Facebook",
					"$(PROJECT_DIR)",
				);
				INFOPLIST_FILE = StarterKitExample/Info.plist;
				IPHONEOS_DEPLOYMENT_TARGET = 9.0;
				LD_RUNPATH_SEARCH_PATHS = "$(inherited) @executable_path/Frameworks";
				PRODUCT_BUNDLE_IDENTIFIER = competidev.StarterKitExample;
				PRODUCT_NAME = "$(TARGET_NAME)";
				PROVISIONING_PROFILE = "";
				TARGETED_DEVICE_FAMILY = "1,2";
			};
			name = Release;
		};
/* End XCBuildConfiguration section */

/* Begin XCConfigurationList section */
		F996D4591DAA984E00DAC469 /* Build configuration list for PBXProject "StarterKitExample" */ = {
			isa = XCConfigurationList;
			buildConfigurations = (
				F996D46E1DAA984E00DAC469 /* Debug */,
				F996D46F1DAA984E00DAC469 /* Release */,
			);
			defaultConfigurationIsVisible = 0;
			defaultConfigurationName = Release;
		};
		F996D4701DAA984E00DAC469 /* Build configuration list for PBXNativeTarget "StarterKitExample" */ = {
			isa = XCConfigurationList;
			buildConfigurations = (
				F996D4711DAA984E00DAC469 /* Debug */,
				F996D4721DAA984E00DAC469 /* Release */,
			);
			defaultConfigurationIsVisible = 0;
			defaultConfigurationName = Release;
		};
/* End XCConfigurationList section */
	};
	rootObject = F996D4561DAA984E00DAC469 /* Project object */;
}
